
Microsoft Visual Studio Solution File, Format Version 12.00
# Visual Studio 15
VisualStudioVersion = 15.0.27428.2037
MinimumVisualStudioVersion = 10.0.40219.1
Project("{FAE04EC0-301F-11D3-BF4B-00C04F79EFBC}") = "EmailCollector", "EmailCollector\EmailCollector.csproj", "{28E41FF3-02B8-4E0B-BA3D-882C200435B3}"
EndProject
Global
	GlobalSection(SolutionConfigurationPlatforms) = preSolution
		Debug|Any CPU = Debug|Any CPU
		Release|Any CPU = Release|Any CPU
	EndGlobalSection
	GlobalSection(ProjectConfigurationPlatforms) = postSolution
		{28E41FF3-02B8-4E0B-BA3D-882C200435B3}.Debug|Any CPU.ActiveCfg = Debug|Any CPU
		{28E41FF3-02B8-4E0B-BA3D-882C200435B3}.Debug|Any CPU.Build.0 = Debug|Any CPU
		{28E41FF3-02B8-4E0B-BA3D-882C200435B3}.Release|Any CPU.ActiveCfg = Release|Any CPU
		{28E41FF3-02B8-4E0B-BA3D-882C200435B3}.Release|Any CPU.Build.0 = Release|Any CPU
	EndGlobalSection
	GlobalSection(SolutionProperties) = preSolution
		HideSolutionNode = FALSE
	EndGlobalSection
	GlobalSection(ExtensibilityGlobals) = postSolution
		SolutionGuid = {AF4BCFE6-11CD-4889-AB3C-73C0188C6120}
	EndGlobalSection
EndGlobal
